
Microsoft Visual Studio Solution File, Format Version 12.00
# Visual Studio Version 17
VisualStudioVersion = 17.14.36301.6 d17.14
MinimumVisualStudioVersion = 10.0.40219.1
Project("{54A90642-561A-4BB1-A94E-469ADEE60C69}") = "projectmanage.client", "projectmanage.client\projectmanage.client.esproj", "{E7CB7D9A-7A85-58AE-A990-EAA31AF535FF}"
EndProject
Project("{FAE04EC0-301F-11D3-BF4B-00C04F79EFBC}") = "ProjectManage.Server", "ProjectManage.Server\ProjectManage.Server.csproj", "{62A92EE7-EA85-4463-B2F9-D0F3A379E02B}"
EndProject
Global
	GlobalSection(SolutionConfigurationPlatforms) = preSolution
		Debug|Any CPU = Debug|Any CPU
		Release|Any CPU = Release|Any CPU
	EndGlobalSection
	GlobalSection(ProjectConfigurationPlatforms) = postSolution
		{E7CB7D9A-7A85-58AE-A990-EAA31AF535FF}.Debug|Any CPU.ActiveCfg = Debug|Any CPU
		{E7CB7D9A-7A85-58AE-A990-EAA31AF535FF}.Debug|Any CPU.Build.0 = Debug|Any CPU
		{E7CB7D9A-7A85-58AE-A990-EAA31AF535FF}.Debug|Any CPU.Deploy.0 = Debug|Any CPU
		{E7CB7D9A-7A85-58AE-A990-EAA31AF535FF}.Release|Any CPU.ActiveCfg = Release|Any CPU
		{E7CB7D9A-7A85-58AE-A990-EAA31AF535FF}.Release|Any CPU.Build.0 = Release|Any CPU
		{E7CB7D9A-7A85-58AE-A990-EAA31AF535FF}.Release|Any CPU.Deploy.0 = Release|Any CPU
		{62A92EE7-EA85-4463-B2F9-D0F3A379E02B}.Debug|Any CPU.ActiveCfg = Debug|Any CPU
		{62A92EE7-EA85-4463-B2F9-D0F3A379E02B}.Debug|Any CPU.Build.0 = Debug|Any CPU
		{62A92EE7-EA85-4463-B2F9-D0F3A379E02B}.Release|Any CPU.ActiveCfg = Release|Any CPU
		{62A92EE7-EA85-4463-B2F9-D0F3A379E02B}.Release|Any CPU.Build.0 = Release|Any CPU
	EndGlobalSection
	GlobalSection(SolutionProperties) = preSolution
		HideSolutionNode = FALSE
	EndGlobalSection
	GlobalSection(ExtensibilityGlobals) = postSolution
		SolutionGuid = {53E40080-1522-4A03-8F13-D4B397812F8F}
	EndGlobalSection
EndGlobal
